
Microsoft Visual Studio Solution File, Format Version 12.00
# Visual Studio Version 17
VisualStudioVersion = 17.3.32922.545
MinimumVisualStudioVersion = 10.0.40219.1
Project("{FAE04EC0-301F-11D3-BF4B-00C04F79EFBC}") = "Functions", "Functions\Functions.csproj", "{187BDD1E-8767-4733-B420-6C1F613E0D64}"
EndProject
Project("{FAE04EC0-301F-11D3-BF4B-00C04F79EFBC}") = "ArgumentsAndParameters", "ArgumentsAndParameters\ArgumentsAndParameters.csproj", "{8E152548-76EA-456B-9FD5-AAEF45775895}"
EndProject
Project("{FAE04EC0-301F-11D3-BF4B-00C04F79EFBC}") = "Calculator", "Calculator\Calculator.csproj", "{0D5DAE20-18E6-4D4E-9629-DB0EBF4BA8E1}"
EndProject
Project("{FAE04EC0-301F-11D3-BF4B-00C04F79EFBC}") = "DiscountCalculator", "DiscountCalculator\DiscountCalculator.csproj", "{8EFAFACB-5F57-4992-B6A1-79EF25AF6956}"
EndProject
Global
	GlobalSection(SolutionConfigurationPlatforms) = preSolution
		Debug|Any CPU = Debug|Any CPU
		Release|Any CPU = Release|Any CPU
	EndGlobalSection
	GlobalSection(ProjectConfigurationPlatforms) = postSolution
		{187BDD1E-8767-4733-B420-6C1F613E0D64}.Debug|Any CPU.ActiveCfg = Debug|Any CPU
		{187BDD1E-8767-4733-B420-6C1F613E0D64}.Debug|Any CPU.Build.0 = Debug|Any CPU
		{187BDD1E-8767-4733-B420-6C1F613E0D64}.Release|Any CPU.ActiveCfg = Release|Any CPU
		{187BDD1E-8767-4733-B420-6C1F613E0D64}.Release|Any CPU.Build.0 = Release|Any CPU
		{8E152548-76EA-456B-9FD5-AAEF45775895}.Debug|Any CPU.ActiveCfg = Debug|Any CPU
		{8E152548-76EA-456B-9FD5-AAEF45775895}.Debug|Any CPU.Build.0 = Debug|Any CPU
		{8E152548-76EA-456B-9FD5-AAEF45775895}.Release|Any CPU.ActiveCfg = Release|Any CPU
		{8E152548-76EA-456B-9FD5-AAEF45775895}.Release|Any CPU.Build.0 = Release|Any CPU
		{0D5DAE20-18E6-4D4E-9629-DB0EBF4BA8E1}.Debug|Any CPU.ActiveCfg = Debug|Any CPU
		{0D5DAE20-18E6-4D4E-9629-DB0EBF4BA8E1}.Debug|Any CPU.Build.0 = Debug|Any CPU
		{0D5DAE20-18E6-4D4E-9629-DB0EBF4BA8E1}.Release|Any CPU.ActiveCfg = Release|Any CPU
		{0D5DAE20-18E6-4D4E-9629-DB0EBF4BA8E1}.Release|Any CPU.Build.0 = Release|Any CPU
		{8EFAFACB-5F57-4992-B6A1-79EF25AF6956}.Debug|Any CPU.ActiveCfg = Debug|Any CPU
		{8EFAFACB-5F57-4992-B6A1-79EF25AF6956}.Debug|Any CPU.Build.0 = Debug|Any CPU
		{8EFAFACB-5F57-4992-B6A1-79EF25AF6956}.Release|Any CPU.ActiveCfg = Release|Any CPU
		{8EFAFACB-5F57-4992-B6A1-79EF25AF6956}.Release|Any CPU.Build.0 = Release|Any CPU
	EndGlobalSection
	GlobalSection(SolutionProperties) = preSolution
		HideSolutionNode = FALSE
	EndGlobalSection
	GlobalSection(ExtensibilityGlobals) = postSolution
		SolutionGuid = {0EBA17F6-C220-4654-BC02-78332A666A9C}
	EndGlobalSection
EndGlobal
